Microsoft Visual Studio Solution File, Format Version 12.00
# Visual Studio Version 17
VisualStudioVersion = 17.13.35919.96
MinimumVisualStudioVersion = 10.0.40219.1
Project("{FAE04EC0-301F-11D3-BF4B-00C04F79EFBC}") = "Spectre.Console.Extensions.Markup", "Extensions\Spectre.Console.Extensions.Markup\Spectre.Console.Extensions.Markup.csproj", "{A1386DBE-F42F-4D39-8786-8C0E52F483D0}"
EndProject
Project("{FAE04EC0-301F-11D3-BF4B-00C04F79EFBC}") = "Spectre.Console.Extensions.Markup.Tests", "Tests\Spectre.Console.Extensions.Markup.Tests\Spectre.Console.Extensions.Markup.Tests.csproj", "{3EA9EBDE-75B9-4D47-A767-76205ED12366}"
EndProject
Project("{FAE04EC0-301F-11D3-BF4B-00C04F79EFBC}") = "Spectre.Console.Extensions.Markup.Example", "Tests\Spectre.Console.Extensions.Markup.Example\Spectre.Console.Extensions.Markup.Example.csproj", "{332D2C39-9D56-40B5-B2FE-923E2DA1D0AD}"
EndProject
Global
	GlobalSection(SolutionConfigurationPlatforms) = preSolution
		Debug|Any CPU = Debug|Any CPU
		Release|Any CPU = Release|Any CPU
	EndGlobalSection
	GlobalSection(ProjectConfigurationPlatforms) = postSolution
		{A1386DBE-F42F-4D39-8786-8C0E52F483D0}.Debug|Any CPU.ActiveCfg = Debug|Any CPU
		{A1386DBE-F42F-4D39-8786-8C0E52F483D0}.Debug|Any CPU.Build.0 = Debug|Any CPU
		{A1386DBE-F42F-4D39-8786-8C0E52F483D0}.Release|Any CPU.ActiveCfg = Release|Any CPU
		{A1386DBE-F42F-4D39-8786-8C0E52F483D0}.Release|Any CPU.Build.0 = Release|Any CPU
		{3EA9EBDE-75B9-4D47-A767-76205ED12366}.Debug|Any CPU.ActiveCfg = Debug|Any CPU
		{3EA9EBDE-75B9-4D47-A767-76205ED12366}.Debug|Any CPU.Build.0 = Debug|Any CPU
		{3EA9EBDE-75B9-4D47-A767-76205ED12366}.Release|Any CPU.ActiveCfg = Release|Any CPU
		{3EA9EBDE-75B9-4D47-A767-76205ED12366}.Release|Any CPU.Build.0 = Release|Any CPU
		{332D2C39-9D56-40B5-B2FE-923E2DA1D0AD}.Debug|Any CPU.ActiveCfg = Debug|Any CPU
		{332D2C39-9D56-40B5-B2FE-923E2DA1D0AD}.Debug|Any CPU.Build.0 = Debug|Any CPU
		{332D2C39-9D56-40B5-B2FE-923E2DA1D0AD}.Release|Any CPU.ActiveCfg = Release|Any CPU
		{332D2C39-9D56-40B5-B2FE-923E2DA1D0AD}.Release|Any CPU.Build.0 = Release|Any CPU
	EndGlobalSection
	GlobalSection(SolutionProperties) = preSolution
		HideSolutionNode = FALSE
	EndGlobalSection
	GlobalSection(ExtensibilityGlobals) = postSolution
		SolutionGuid = {4C3BF553-EC92-484C-B810-A74BC68C8A32}
	EndGlobalSection
EndGlobal
